
Microsoft Visual Studio Solution File, Format Version 12.00
# Visual Studio Version 17
VisualStudioVersion = 17.7.34221.43
MinimumVisualStudioVersion = 10.0.40219.1
Project("{FAE04EC0-301F-11D3-BF4B-00C04F79EFBC}") = "WpfFirstApps", "WpfFirstApps\WpfFirstApps.csproj", "{B1BC36B1-F17B-4112-A4B6-DA16ED39FD6F}"
EndProject
Global
	GlobalSection(SolutionConfigurationPlatforms) = preSolution
		Debug|Any CPU = Debug|Any CPU
		Release|Any CPU = Release|Any CPU
	EndGlobalSection
	GlobalSection(ProjectConfigurationPlatforms) = postSolution
		{B1BC36B1-F17B-4112-A4B6-DA16ED39FD6F}.Debug|Any CPU.ActiveCfg = Debug|Any CPU
		{B1BC36B1-F17B-4112-A4B6-DA16ED39FD6F}.Debug|Any CPU.Build.0 = Debug|Any CPU
		{B1BC36B1-F17B-4112-A4B6-DA16ED39FD6F}.Release|Any CPU.ActiveCfg = Release|Any CPU
		{B1BC36B1-F17B-4112-A4B6-DA16ED39FD6F}.Release|Any CPU.Build.0 = Release|Any CPU
	EndGlobalSection
	GlobalSection(SolutionProperties) = preSolution
		HideSolutionNode = FALSE
	EndGlobalSection
	GlobalSection(ExtensibilityGlobals) = postSolution
		SolutionGuid = {BB560BB9-C684-4C7C-9825-2F1BCAA4ED1F}
	EndGlobalSection
EndGlobal
